
Microsoft Visual Studio Solution File, Format Version 11.00
# Visual Studio 2010
Project("{FAE04EC0-301F-11D3-BF4B-00C04F79EFBC}") = "RotationLab", "RotationLab\RotationLab.csproj", "{F6B54C0D-8FB1-46EE-92EC-DD0A5D5ED719}"
EndProject
Global
	GlobalSection(SolutionConfigurationPlatforms) = preSolution
		Debug|Any CPU = Debug|Any CPU
		Release|Any CPU = Release|Any CPU
	EndGlobalSection
	GlobalSection(ProjectConfigurationPlatforms) = postSolution
		{F6B54C0D-8FB1-46EE-92EC-DD0A5D5ED719}.Debug|Any CPU.ActiveCfg = Debug|Any CPU
		{F6B54C0D-8FB1-46EE-92EC-DD0A5D5ED719}.Debug|Any CPU.Build.0 = Debug|Any CPU
		{F6B54C0D-8FB1-46EE-92EC-DD0A5D5ED719}.Release|Any CPU.ActiveCfg = Release|Any CPU
		{F6B54C0D-8FB1-46EE-92EC-DD0A5D5ED719}.Release|Any CPU.Build.0 = Release|Any CPU
	EndGlobalSection
	GlobalSection(SolutionProperties) = preSolution
		HideSolutionNode = FALSE
	EndGlobalSection
EndGlobal
